Microsoft Visual Studio Solution File, Format Version 12.00
# Visual Studio Version 17
VisualStudioVersion = 17.5.2.0
MinimumVisualStudioVersion = 10.0.40219.1
Project("{FAE04EC0-301F-11D3-BF4B-00C04F79EFBC}") = "HarmonyWe", "HarmonyWe.csproj", "{F2CF06DB-8AC1-3112-4F37-C0D90261D1D6}"
EndProject
Global
	GlobalSection(SolutionConfigurationPlatforms) = preSolution
		Debug|Any CPU = Debug|Any CPU
		Release|Any CPU = Release|Any CPU
	EndGlobalSection
	GlobalSection(ProjectConfigurationPlatforms) = postSolution
		{F2CF06DB-8AC1-3112-4F37-C0D90261D1D6}.Debug|Any CPU.ActiveCfg = Debug|Any CPU
		{F2CF06DB-8AC1-3112-4F37-C0D90261D1D6}.Debug|Any CPU.Build.0 = Debug|Any CPU
		{F2CF06DB-8AC1-3112-4F37-C0D90261D1D6}.Release|Any CPU.ActiveCfg = Release|Any CPU
		{F2CF06DB-8AC1-3112-4F37-C0D90261D1D6}.Release|Any CPU.Build.0 = Release|Any CPU
	EndGlobalSection
	GlobalSection(SolutionProperties) = preSolution
		HideSolutionNode = FALSE
	EndGlobalSection
	GlobalSection(ExtensibilityGlobals) = postSolution
		SolutionGuid = {5A36A6ED-9CE6-4A70-BE6C-66CCEAB8D4B4}
	EndGlobalSection
EndGlobal
